
Microsoft Visual Studio Solution File, Format Version 12.00
# Visual Studio Version 16
VisualStudioVersion = 16.0.30907.101
MinimumVisualStudioVersion = 10.0.40219.1
Project("{FAE04EC0-301F-11D3-BF4B-00C04F79EFBC}") = "ClassMetotDemo", "ClassMetotDemo\ClassMetotDemo.csproj", "{FB89AB18-B5A2-488C-A00A-54D02709B771}"
EndProject
Global
	GlobalSection(SolutionConfigurationPlatforms) = preSolution
		Debug|Any CPU = Debug|Any CPU
		Release|Any CPU = Release|Any CPU
	EndGlobalSection
	GlobalSection(ProjectConfigurationPlatforms) = postSolution
		{FB89AB18-B5A2-488C-A00A-54D02709B771}.Debug|Any CPU.ActiveCfg = Debug|Any CPU
		{FB89AB18-B5A2-488C-A00A-54D02709B771}.Debug|Any CPU.Build.0 = Debug|Any CPU
		{FB89AB18-B5A2-488C-A00A-54D02709B771}.Release|Any CPU.ActiveCfg = Release|Any CPU
		{FB89AB18-B5A2-488C-A00A-54D02709B771}.Release|Any CPU.Build.0 = Release|Any CPU
	EndGlobalSection
	GlobalSection(SolutionProperties) = preSolution
		HideSolutionNode = FALSE
	EndGlobalSection
	GlobalSection(ExtensibilityGlobals) = postSolution
		SolutionGuid = {78C99182-D534-4D90-B47A-3D81F0C7903B}
	EndGlobalSection
EndGlobal
